// !$*UTF8*$!
{
	archiveVersion = 1;
	classes = {
	};
	objectVersion = 50;
	objects = {

/* Begin PBXBuildFile section */
		392FED612887841200040AEA /* MaxDistanceToClosetPerson.swift in Sources */ = {isa = PBXBuildFile; fileRef = 392FED582887841200040AEA /* MaxDistanceToClosetPerson.swift */; };
		392FED622887841200040AEA /* PartialUnsorted.swift in Sources */ = {isa = PBXBuildFile; fileRef = 392FED592887841200040AEA /* PartialUnsorted.swift */; };
		392FED632887841200040AEA /* SameTree.swift in Sources */ = {isa = PBXBuildFile; fileRef = 392FED5A2887841200040AEA /* SameTree.swift */; };
		392FED642887841200040AEA /* RotateNumbers.swift in Sources */ = {isa = PBXBuildFile; fileRef = 392FED5B2887841200040AEA /* RotateNumbers.swift */; };
		392FED652887841200040AEA /* BinaryTreeWidth.swift in Sources */ = {isa = PBXBuildFile; fileRef = 392FED5C2887841200040AEA /* BinaryTreeWidth.swift */; };
		392FED662887841200040AEA /* DesignHashMap.swift in Sources */ = {isa = PBXBuildFile; fileRef = 392FED5D2887841200040AEA /* DesignHashMap.swift */; };
		392FED672887841200040AEA /* RowColumnContainsAllNumbers.swift in Sources */ = {isa = PBXBuildFile; fileRef = 392FED5E2887841200040AEA /* RowColumnContainsAllNumbers.swift */; };
		392FED682887841200040AEA /* LicenseKeyFormatting.swift in Sources */ = {isa = PBXBuildFile; fileRef = 392FED5F2887841200040AEA /* LicenseKeyFormatting.swift */; };
		392FED692887841200040AEA /* FullyJustify.swift in Sources */ = {isa = PBXBuildFile; fileRef = 392FED602887841200040AEA /* FullyJustify.swift */; };
		392FED702887842200040AEA /* TestDesignHashMap.swift in Sources */ = {isa = PBXBuildFile; fileRef = 392FED6A2887842200040AEA /* TestDesignHashMap.swift */; };
		392FED712887842200040AEA /* TestLicenseKeyFormatting.swift in Sources */ = {isa = PBXBuildFile; fileRef = 392FED6B2887842200040AEA /* TestLicenseKeyFormatting.swift */; };
		392FED722887842200040AEA /* TestFullyJustify.swift in Sources */ = {isa = PBXBuildFile; fileRef = 392FED6C2887842200040AEA /* TestFullyJustify.swift */; };
		392FED732887842200040AEA /* TestTreeNodeIterator.swift in Sources */ = {isa = PBXBuildFile; fileRef = 392FED6D2887842200040AEA /* TestTreeNodeIterator.swift */; };
		392FED742887842200040AEA /* TestRotateNumbers.swift in Sources */ = {isa = PBXBuildFile; fileRef = 392FED6E2887842200040AEA /* TestRotateNumbers.swift */; };
		392FED752887842200040AEA /* TestMaxDistanceToClosestPerson.swift in Sources */ = {isa = PBXBuildFile; fileRef = 392FED6F2887842200040AEA /* TestMaxDistanceToClosestPerson.swift */; };
		3A0D579626FECA7D00FAB9DB /* SpecialStringAgain .swift in Sources */ = {isa = PBXBuildFile; fileRef = 3A0D579526FECA7D00FAB9DB /* SpecialStringAgain .swift */; };
		3A0D579826FEDBE400FAB9DB /* TestSpecialStringAgain.swift in Sources */ = {isa = PBXBuildFile; fileRef = 3A0D579726FEDBE400FAB9DB /* TestSpecialStringAgain.swift */; };
		3A267FB326B8F69C0072A92E /* Stack.swift in Sources */ = {isa = PBXBuildFile; fileRef = 3A267FB226B8F69C0072A92E /* Stack.swift */; };
		3A267FB526B8F82F0072A92E /* StackWithMinValue.swift in Sources */ = {isa = PBXBuildFile; fileRef = 3A267FB426B8F82F0072A92E /* StackWithMinValue.swift */; };
		3A267FB726B8FBEE0072A92E /* TestStackWithMin.swift in Sources */ = {isa = PBXBuildFile; fileRef = 3A267FB626B8FBEE0072A92E /* TestStackWithMin.swift */; };
		3A267FB926BA4E3D0072A92E /* NodeReachableInDigraph.swift in Sources */ = {isa = PBXBuildFile; fileRef = 3A267FB826BA4E3C0072A92E /* NodeReachableInDigraph.swift */; };
		3A2DA350270903CB001E17C9 /* ExtraLongFactorial.swift in Sources */ = {isa = PBXBuildFile; fileRef = 3A2DA34F270903CB001E17C9 /* ExtraLongFactorial.swift */; };
		3A2DA352270903FC001E17C9 /* TestExtraLongFactorial.swift in Sources */ = {isa = PBXBuildFile; fileRef = 3A2DA351270903FC001E17C9 /* TestExtraLongFactorial.swift */; };
		3A40239426CA1229000ECFF5 /*  PartialUnsorted.swift in Sources */ = {isa = PBXBuildFile; fileRef = 3A40239326CA1229000ECFF5 /*  PartialUnsorted.swift */; };
		3A40239626CA1F67000ECFF5 /* TestMinHeap.swift in Sources */ = {isa = PBXBuildFile; fileRef = 3A40239526CA1F67000ECFF5 /* TestMinHeap.swift */; };
		3A40239826CA2282000ECFF5 /* TestpartialUnsorted.swift in Sources */ = {isa = PBXBuildFile; fileRef = 3A40239726CA2282000ECFF5 /* TestpartialUnsorted.swift */; };
		3A66EBF726B7369F0099AFC1 /* Heap.swift in Sources */ = {isa = PBXBuildFile; fileRef = 3A66EBF626B7369F0099AFC1 /* Heap.swift */; };
		3A66EBF926B74DC20099AFC1 /* TestMaxHeap.swift in Sources */ = {isa = PBXBuildFile; fileRef = 3A66EBF826B74DC20099AFC1 /* TestMaxHeap.swift */; };
		3A66EBFB26B796890099AFC1 /* ListNode.swift in Sources */ = {isa = PBXBuildFile; fileRef = 3A66EBFA26B796890099AFC1 /* ListNode.swift */; };
		3A66EBFD26B796990099AFC1 /* ListNode2.swift in Sources */ = {isa = PBXBuildFile; fileRef = 3A66EBFC26B796990099AFC1 /* ListNode2.swift */; };
		3A66EBFF26B7984B0099AFC1 /* PartitionLinkedList.swift in Sources */ = {isa = PBXBuildFile; fileRef = 3A66EBFE26B7984B0099AFC1 /* PartitionLinkedList.swift */; };
		3A66EC0126B79F440099AFC1 /* TestListNode.swift in Sources */ = {isa = PBXBuildFile; fileRef = 3A66EC0026B79F440099AFC1 /* TestListNode.swift */; };
		3A66EC0326B7A2F10099AFC1 /* TestListNode2.swift in Sources */ = {isa = PBXBuildFile; fileRef = 3A66EC0226B7A2F10099AFC1 /* TestListNode2.swift */; };
		3A66EC0526B7A69E0099AFC1 /* TestPartitionLinkedList.swift in Sources */ = {isa = PBXBuildFile; fileRef = 3A66EC0426B7A69E0099AFC1 /* TestPartitionLinkedList.swift */; };
		3A66EC0726B7B13C0099AFC1 /* LinkedListAddition.swift in Sources */ = {isa = PBXBuildFile; fileRef = 3A66EC0626B7B13C0099AFC1 /* LinkedListAddition.swift */; };
		3A66EC0926B7B4500099AFC1 /* TestLinkedListAddition.swift in Sources */ = {isa = PBXBuildFile; fileRef = 3A66EC0826B7B4500099AFC1 /* TestLinkedListAddition.swift */; };
		3A6B6D762704C682002BA2D0 /* SolveFormulas.swift in Sources */ = {isa = PBXBuildFile; fileRef = 3A6B6D752704C682002BA2D0 /* SolveFormulas.swift */; };
		3A6B6D78270560B7002BA2D0 /* TestSolveFormulas.swift in Sources */ = {isa = PBXBuildFile; fileRef = 3A6B6D77270560B7002BA2D0 /* TestSolveFormulas.swift */; };
		3A7E419B26BC8A8000F50CDB /* TicTacToe.swift in Sources */ = {isa = PBXBuildFile; fileRef = 3A7E419A26BC8A8000F50CDB /* TicTacToe.swift */; };
		3A7E419D26BCCF3600F50CDB /* TestNodeReachableInDigraph.swift in Sources */ = {isa = PBXBuildFile; fileRef = 3A7E419C26BCCF3600F50CDB /* TestNodeReachableInDigraph.swift */; };
		3A927EE826F6F67400015CAB /* MinimumBribes.swift in Sources */ = {isa = PBXBuildFile; fileRef = 3A927EE726F6F67400015CAB /* MinimumBribes.swift */; };
		3A927EEA26F6F6C400015CAB /* TestMunimumBribes.swift in Sources */ = {isa = PBXBuildFile; fileRef = 3A927EE926F6F6C400015CAB /* TestMunimumBribes.swift */; };
		3A927EEC26F98B1500015CAB /* ValidString.swift in Sources */ = {isa = PBXBuildFile; fileRef = 3A927EEB26F98B1500015CAB /* ValidString.swift */; };
		3AEF1B6326DDDF97006D9AAB /* MinimumWorkSessions.swift in Sources */ = {isa = PBXBuildFile; fileRef = 3AEF1B6226DDDF97006D9AAB /* MinimumWorkSessions.swift */; };
		3AEF1B6526DDE311006D9AAB /* TestMinimumWorkSessions.swift in Sources */ = {isa = PBXBuildFile; fileRef = 3AEF1B6426DDE311006D9AAB /* TestMinimumWorkSessions.swift */; };
		3AF4667D26AFA5BD0021EE00 /* AlgoApp.swift in Sources */ = {isa = PBXBuildFile; fileRef = 3AF4667C26AFA5BD0021EE00 /* AlgoApp.swift */; };
		3AF4667F26AFA5BD0021EE00 /* ContentView.swift in Sources */ = {isa = PBXBuildFile; fileRef = 3AF4667E26AFA5BD0021EE00 /* ContentView.swift */; };
		3AF4668126AFA5C00021EE00 /* Assets.xcassets in Resources */ = {isa = PBXBuildFile; fileRef = 3AF4668026AFA5C00021EE00 /* Assets.xcassets */; };
		3AF4668426AFA5C00021EE00 /* Preview Assets.xcassets in Resources */ = {isa = PBXBuildFile; fileRef = 3AF4668326AFA5C00021EE00 /* Preview Assets.xcassets */; };
		3AF466AB26AFA6780021EE00 /* IslandsOf1s.swift in Sources */ = {isa = PBXBuildFile; fileRef = 3AF466AA26AFA6780021EE00 /* IslandsOf1s.swift */; };
		3AF466AD26AFA68D0021EE00 /* Graph.swift in Sources */ = {isa = PBXBuildFile; fileRef = 3AF466AC26AFA68D0021EE00 /* Graph.swift */; };
		3AF466AF26AFA6C10021EE00 /* AjacencyList.swift in Sources */ = {isa = PBXBuildFile; fileRef = 3AF466AE26AFA6C10021EE00 /* AjacencyList.swift */; };
		3AF466B126AFA6D20021EE00 /* PriorityQueue.swift in Sources */ = {isa = PBXBuildFile; fileRef = 3AF466B026AFA6D20021EE00 /* PriorityQueue.swift */; };
		3AFFD73926B103D0006A3A4F /* TopologicalSorting.swift in Sources */ = {isa = PBXBuildFile; fileRef = 3AFFD73826B103D0006A3A4F /* TopologicalSorting.swift */; };
/* End PBXBuildFile section */

/* Begin PBXContainerItemProxy section */
		3AF4668B26AFA5C00021EE00 /* PBXContainerItemProxy */ = {
			isa = PBXContainerItemProxy;
			containerPortal = 3AF4667126AFA5BD0021EE00 /* Project object */;
			proxyType = 1;
			remoteGlobalIDString = 3AF4667826AFA5BD0021EE00;
			remoteInfo = Algo;
		};
/* End PBXContainerItemProxy section */

/* Begin PBXFileReference section */
		392FED582887841200040AEA /* MaxDistanceToClosetPerson.swift */ = {isa = PBXFileReference; fileEncoding = 4; lastKnownFileType = sourcecode.swift; path = MaxDistanceToClosetPerson.swift; sourceTree = "<group>"; };
		392FED592887841200040AEA /* PartialUnsorted.swift */ = {isa = PBXFileReference; fileEncoding = 4; lastKnownFileType = sourcecode.swift; path = PartialUnsorted.swift; sourceTree = "<group>"; };
		392FED5A2887841200040AEA /* SameTree.swift */ = {isa = PBXFileReference; fileEncoding = 4; lastKnownFileType = sourcecode.swift; path = SameTree.swift; sourceTree = "<group>"; };
		392FED5B2887841200040AEA /* RotateNumbers.swift */ = {isa = PBXFileReference; fileEncoding = 4; lastKnownFileType = sourcecode.swift; path = RotateNumbers.swift; sourceTree = "<group>"; };
		392FED5C2887841200040AEA /* BinaryTreeWidth.swift */ = {isa = PBXFileReference; fileEncoding = 4; lastKnownFileType = sourcecode.swift; path = BinaryTreeWidth.swift; sourceTree = "<group>"; };
		392FED5D2887841200040AEA /* DesignHashMap.swift */ = {isa = PBXFileReference; fileEncoding = 4; lastKnownFileType = sourcecode.swift; path = DesignHashMap.swift; sourceTree = "<group>"; };
		392FED5E2887841200040AEA /* RowColumnContainsAllNumbers.swift */ = {isa = PBXFileReference; fileEncoding = 4; lastKnownFileType = sourcecode.swift; path = RowColumnContainsAllNumbers.swift; sourceTree = "<group>"; };
		392FED5F2887841200040AEA /* LicenseKeyFormatting.swift */ = {isa = PBXFileReference; fileEncoding = 4; lastKnownFileType = sourcecode.swift; path = LicenseKeyFormatting.swift; sourceTree = "<group>"; };
		392FED602887841200040AEA /* FullyJustify.swift */ = {isa = PBXFileReference; fileEncoding = 4; lastKnownFileType = sourcecode.swift; path = FullyJustify.swift; sourceTree = "<group>"; };
		392FED6A2887842200040AEA /* TestDesignHashMap.swift */ = {isa = PBXFileReference; fileEncoding = 4; lastKnownFileType = sourcecode.swift; path = TestDesignHashMap.swift; sourceTree = "<group>"; };
		392FED6B2887842200040AEA /* TestLicenseKeyFormatting.swift */ = {isa = PBXFileReference; fileEncoding = 4; lastKnownFileType = sourcecode.swift; path = TestLicenseKeyFormatting.swift; sourceTree = "<group>"; };
		392FED6C2887842200040AEA /* TestFullyJustify.swift */ = {isa = PBXFileReference; fileEncoding = 4; lastKnownFileType = sourcecode.swift; path = TestFullyJustify.swift; sourceTree = "<group>"; };
		392FED6D2887842200040AEA /* TestTreeNodeIterator.swift */ = {isa = PBXFileReference; fileEncoding = 4; lastKnownFileType = sourcecode.swift; path = TestTreeNodeIterator.swift; sourceTree = "<group>"; };
		392FED6E2887842200040AEA /* TestRotateNumbers.swift */ = {isa = PBXFileReference; fileEncoding = 4; lastKnownFileType = sourcecode.swift; path = TestRotateNumbers.swift; sourceTree = "<group>"; };
		392FED6F2887842200040AEA /* TestMaxDistanceToClosestPerson.swift */ = {isa = PBXFileReference; fileEncoding = 4; lastKnownFileType = sourcecode.swift; path = TestMaxDistanceToClosestPerson.swift; sourceTree = "<group>"; };
		3A0D579526FECA7D00FAB9DB /* SpecialStringAgain .swift */ = {isa = PBXFileReference; lastKnownFileType = sourcecode.swift; path = "SpecialStringAgain .swift"; sourceTree = "<group>"; };
		3A0D579726FEDBE400FAB9DB /* TestSpecialStringAgain.swift */ = {isa = PBXFileReference; lastKnownFileType = sourcecode.swift; path = TestSpecialStringAgain.swift; sourceTree = "<group>"; };
		3A267FB226B8F69C0072A92E /* Stack.swift */ = {isa = PBXFileReference; lastKnownFileType = sourcecode.swift; path = Stack.swift; sourceTree = "<group>"; };
		3A267FB426B8F82F0072A92E /* StackWithMinValue.swift */ = {isa = PBXFileReference; lastKnownFileType = sourcecode.swift; path = StackWithMinValue.swift; sourceTree = "<group>"; };
		3A267FB626B8FBEE0072A92E /* TestStackWithMin.swift */ = {isa = PBXFileReference; lastKnownFileType = sourcecode.swift; path = TestStackWithMin.swift; sourceTree = "<group>"; };
		3A267FB826BA4E3C0072A92E /* NodeReachableInDigraph.swift */ = {isa = PBXFileReference; lastKnownFileType = sourcecode.swift; path = NodeReachableInDigraph.swift; sourceTree = "<group>"; };
		3A2DA34F270903CB001E17C9 /* ExtraLongFactorial.swift */ = {isa = PBXFileReference; lastKnownFileType = sourcecode.swift; path = ExtraLongFactorial.swift; sourceTree = "<group>"; };
		3A2DA351270903FC001E17C9 /* TestExtraLongFactorial.swift */ = {isa = PBXFileReference; lastKnownFileType = sourcecode.swift; path = TestExtraLongFactorial.swift; sourceTree = "<group>"; };
		3A40239326CA1229000ECFF5 /*  PartialUnsorted.swift */ = {isa = PBXFileReference; lastKnownFileType = sourcecode.swift; path = " PartialUnsorted.swift"; sourceTree = "<group>"; };
		3A40239526CA1F67000ECFF5 /* TestMinHeap.swift */ = {isa = PBXFileReference; lastKnownFileType = sourcecode.swift; path = TestMinHeap.swift; sourceTree = "<group>"; };
		3A40239726CA2282000ECFF5 /* TestpartialUnsorted.swift */ = {isa = PBXFileReference; lastKnownFileType = sourcecode.swift; path = TestpartialUnsorted.swift; sourceTree = "<group>"; };
		3A66EBF626B7369F0099AFC1 /* Heap.swift */ = {isa = PBXFileReference; lastKnownFileType = sourcecode.swift; path = Heap.swift; sourceTree = "<group>"; };
		3A66EBF826B74DC20099AFC1 /* TestMaxHeap.swift */ = {isa = PBXFileReference; lastKnownFileType = sourcecode.swift; path = TestMaxHeap.swift; sourceTree = "<group>"; };
		3A66EBFA26B796890099AFC1 /* ListNode.swift */ = {isa = PBXFileReference; lastKnownFileType = sourcecode.swift; path = ListNode.swift; sourceTree = "<group>"; };
		3A66EBFC26B796990099AFC1 /* ListNode2.swift */ = {isa = PBXFileReference; lastKnownFileType = sourcecode.swift; path = ListNode2.swift; sourceTree = "<group>"; };
		3A66EBFE26B7984B0099AFC1 /* PartitionLinkedList.swift */ = {isa = PBXFileReference; lastKnownFileType = sourcecode.swift; path = PartitionLinkedList.swift; sourceTree = "<group>"; };
		3A66EC0026B79F440099AFC1 /* TestListNode.swift */ = {isa = PBXFileReference; lastKnownFileType = sourcecode.swift; path = TestListNode.swift; sourceTree = "<group>"; };
		3A66EC0226B7A2F10099AFC1 /* TestListNode2.swift */ = {isa = PBXFileReference; lastKnownFileType = sourcecode.swift; path = TestListNode2.swift; sourceTree = "<group>"; };
		3A66EC0426B7A69E0099AFC1 /* TestPartitionLinkedList.swift */ = {isa = PBXFileReference; lastKnownFileType = sourcecode.swift; path = TestPartitionLinkedList.swift; sourceTree = "<group>"; };
		3A66EC0626B7B13C0099AFC1 /* LinkedListAddition.swift */ = {isa = PBXFileReference; lastKnownFileType = sourcecode.swift; path = LinkedListAddition.swift; sourceTree = "<group>"; };
		3A66EC0826B7B4500099AFC1 /* TestLinkedListAddition.swift */ = {isa = PBXFileReference; lastKnownFileType = sourcecode.swift; path = TestLinkedListAddition.swift; sourceTree = "<group>"; };
		3A6B6D752704C682002BA2D0 /* SolveFormulas.swift */ = {isa = PBXFileReference; lastKnownFileType = sourcecode.swift; path = SolveFormulas.swift; sourceTree = "<group>"; };
		3A6B6D77270560B7002BA2D0 /* TestSolveFormulas.swift */ = {isa = PBXFileReference; lastKnownFileType = sourcecode.swift; path = TestSolveFormulas.swift; sourceTree = "<group>"; };
		3A7E419A26BC8A8000F50CDB /* TicTacToe.swift */ = {isa = PBXFileReference; lastKnownFileType = sourcecode.swift; path = TicTacToe.swift; sourceTree = "<group>"; };
		3A7E419C26BCCF3600F50CDB /* TestNodeReachableInDigraph.swift */ = {isa = PBXFileReference; lastKnownFileType = sourcecode.swift; path = TestNodeReachableInDigraph.swift; sourceTree = "<group>"; };
		3A927EE726F6F67400015CAB /* MinimumBribes.swift */ = {isa = PBXFileReference; lastKnownFileType = sourcecode.swift; path = MinimumBribes.swift; sourceTree = "<group>"; };
		3A927EE926F6F6C400015CAB /* TestMunimumBribes.swift */ = {isa = PBXFileReference; lastKnownFileType = sourcecode.swift; path = TestMunimumBribes.swift; sourceTree = "<group>"; };
		3A927EEB26F98B1500015CAB /* ValidString.swift */ = {isa = PBXFileReference; lastKnownFileType = sourcecode.swift; path = ValidString.swift; sourceTree = "<group>"; };
		3AEF1B6226DDDF97006D9AAB /* MinimumWorkSessions.swift */ = {isa = PBXFileReference; lastKnownFileType = sourcecode.swift; path = MinimumWorkSessions.swift; sourceTree = "<group>"; };
		3AEF1B6426DDE311006D9AAB /* TestMinimumWorkSessions.swift */ = {isa = PBXFileReference; lastKnownFileType = sourcecode.swift; path = TestMinimumWorkSessions.swift; sourceTree = "<group>"; };
		3AF4667926AFA5BD0021EE00 /* Algo.app */ = {isa = PBXFileReference; explicitFileType = wrapper.application; includeInIndex = 0; path = Algo.app; sourceTree = BUILT_PRODUCTS_DIR; };
		3AF4667C26AFA5BD0021EE00 /* AlgoApp.swift */ = {isa = PBXFileReference; lastKnownFileType = sourcecode.swift; path = AlgoApp.swift; sourceTree = "<group>"; };
		3AF4667E26AFA5BD0021EE00 /* ContentView.swift */ = {isa = PBXFileReference; lastKnownFileType = sourcecode.swift; path = ContentView.swift; sourceTree = "<group>"; };
		3AF4668026AFA5C00021EE00 /* Assets.xcassets */ = {isa = PBXFileReference; lastKnownFileType = folder.assetcatalog; path = Assets.xcassets; sourceTree = "<group>"; };
		3AF4668326AFA5C00021EE00 /* Preview Assets.xcassets */ = {isa = PBXFileReference; lastKnownFileType = folder.assetcatalog; path = "Preview Assets.xcassets"; sourceTree = "<group>"; };
		3AF4668526AFA5C00021EE00 /* Info.plist */ = {isa = PBXFileReference; lastKnownFileType = text.plist.xml; path = Info.plist; sourceTree = "<group>"; };
		3AF4668A26AFA5C00021EE00 /* AlgoTests.xctest */ = {isa = PBXFileReference; explicitFileType = wrapper.cfbundle; includeInIndex = 0; path = AlgoTests.xctest; sourceTree = BUILT_PRODUCTS_DIR; };
		3AF4669026AFA5C00021EE00 /* Info.plist */ = {isa = PBXFileReference; lastKnownFileType = text.plist.xml; path = Info.plist; sourceTree = "<group>"; };
		3AF466AA26AFA6780021EE00 /* IslandsOf1s.swift */ = {isa = PBXFileReference; lastKnownFileType = sourcecode.swift; path = IslandsOf1s.swift; sourceTree = "<group>"; };
		3AF466AC26AFA68D0021EE00 /* Graph.swift */ = {isa = PBXFileReference; lastKnownFileType = sourcecode.swift; path = Graph.swift; sourceTree = "<group>"; };
		3AF466AE26AFA6C10021EE00 /* AjacencyList.swift */ = {isa = PBXFileReference; lastKnownFileType = sourcecode.swift; path = AjacencyList.swift; sourceTree = "<group>"; };
		3AF466B026AFA6D20021EE00 /* PriorityQueue.swift */ = {isa = PBXFileReference; lastKnownFileType = sourcecode.swift; path = PriorityQueue.swift; sourceTree = "<group>"; };
		3AFFD73826B103D0006A3A4F /* TopologicalSorting.swift */ = {isa = PBXFileReference; lastKnownFileType = sourcecode.swift; path = TopologicalSorting.swift; sourceTree = "<group>"; };
/* End PBXFileReference section */

/* Begin PBXFrameworksBuildPhase section */
		3AF4667626AFA5BD0021EE00 /* Frameworks */ = {
			isa = PBXFrameworksBuildPhase;
			buildActionMask = 2147483647;
			files = (
			);
			runOnlyForDeploymentPostprocessing = 0;
		};
		3AF4668726AFA5C00021EE00 /* Frameworks */ = {
			isa = PBXFrameworksBuildPhase;
			buildActionMask = 2147483647;
			files = (
			);
			runOnlyForDeploymentPostprocessing = 0;
		};
/* End PBXFrameworksBuildPhase section */

/* Begin PBXGroup section */
		3AF4667026AFA5BD0021EE00 = {
			isa = PBXGroup;
			children = (
				3AF4667B26AFA5BD0021EE00 /* Algo */,
				3AF4668D26AFA5C00021EE00 /* AlgoTests */,
				3AF4667A26AFA5BD0021EE00 /* Products */,
			);
			sourceTree = "<group>";
		};
		3AF4667A26AFA5BD0021EE00 /* Products */ = {
			isa = PBXGroup;
			children = (
				3AF4667926AFA5BD0021EE00 /* Algo.app */,
				3AF4668A26AFA5C00021EE00 /* AlgoTests.xctest */,
			);
			name = Products;
			sourceTree = "<group>";
		};
		3AF4667B26AFA5BD0021EE00 /* Algo */ = {
			isa = PBXGroup;
			children = (
				3AF4667C26AFA5BD0021EE00 /* AlgoApp.swift */,
				3AF4667E26AFA5BD0021EE00 /* ContentView.swift */,
				3AF466A926AFA6560021EE00 /* Problems */,
				3AF466A726AFA6190021EE00 /* DataStructure */,
				3AF466A826AFA6350021EE00 /* Algorithm */,
				3AF4668026AFA5C00021EE00 /* Assets.xcassets */,
				3AF4668526AFA5C00021EE00 /* Info.plist */,
				3AF4668226AFA5C00021EE00 /* Preview Content */,
			);
			path = Algo;
			sourceTree = "<group>";
		};
		3AF4668226AFA5C00021EE00 /* Preview Content */ = {
			isa = PBXGroup;
			children = (
				3AF4668326AFA5C00021EE00 /* Preview Assets.xcassets */,
			);
			path = "Preview Content";
			sourceTree = "<group>";
		};
		3AF4668D26AFA5C00021EE00 /* AlgoTests */ = {
			isa = PBXGroup;
			children = (
				392FED6A2887842200040AEA /* TestDesignHashMap.swift */,
				392FED6C2887842200040AEA /* TestFullyJustify.swift */,
				392FED6B2887842200040AEA /* TestLicenseKeyFormatting.swift */,
				392FED6F2887842200040AEA /* TestMaxDistanceToClosestPerson.swift */,
				392FED6E2887842200040AEA /* TestRotateNumbers.swift */,
				392FED6D2887842200040AEA /* TestTreeNodeIterator.swift */,
				3AF4669026AFA5C00021EE00 /* Info.plist */,
				3A66EBF826B74DC20099AFC1 /* TestMaxHeap.swift */,
				3A40239526CA1F67000ECFF5 /* TestMinHeap.swift */,
				3A40239726CA2282000ECFF5 /* TestpartialUnsorted.swift */,
				3A66EC0026B79F440099AFC1 /* TestListNode.swift */,
				3A66EC0226B7A2F10099AFC1 /* TestListNode2.swift */,
				3A66EC0426B7A69E0099AFC1 /* TestPartitionLinkedList.swift */,
				3A66EC0826B7B4500099AFC1 /* TestLinkedListAddition.swift */,
				3A267FB626B8FBEE0072A92E /* TestStackWithMin.swift */,
				3A7E419C26BCCF3600F50CDB /* TestNodeReachableInDigraph.swift */,
				3AEF1B6426DDE311006D9AAB /* TestMinimumWorkSessions.swift */,
				3A927EE926F6F6C400015CAB /* TestMunimumBribes.swift */,
				3A0D579726FEDBE400FAB9DB /* TestSpecialStringAgain.swift */,
				3A6B6D77270560B7002BA2D0 /* TestSolveFormulas.swift */,
				3A2DA351270903FC001E17C9 /* TestExtraLongFactorial.swift */,
			);
			path = AlgoTests;
			sourceTree = "<group>";
		};
		3AF466A726AFA6190021EE00 /* DataStructure */ = {
			isa = PBXGroup;
			children = (
				3AF466AC26AFA68D0021EE00 /* Graph.swift */,
				3AF466AE26AFA6C10021EE00 /* AjacencyList.swift */,
				3AF466B026AFA6D20021EE00 /* PriorityQueue.swift */,
				3A66EBF626B7369F0099AFC1 /* Heap.swift */,
				3A66EBFA26B796890099AFC1 /* ListNode.swift */,
				3A66EBFC26B796990099AFC1 /* ListNode2.swift */,
				3A267FB226B8F69C0072A92E /* Stack.swift */,
				3A267FB426B8F82F0072A92E /* StackWithMinValue.swift */,
			);
			path = DataStructure;
			sourceTree = "<group>";
		};
		3AF466A826AFA6350021EE00 /* Algorithm */ = {
			isa = PBXGroup;
			children = (
				3AFFD73826B103D0006A3A4F /* TopologicalSorting.swift */,
			);
			path = Algorithm;
			sourceTree = "<group>";
		};
		3AF466A926AFA6560021EE00 /* Problems */ = {
			isa = PBXGroup;
			children = (
				392FED5C2887841200040AEA /* BinaryTreeWidth.swift */,
				392FED5D2887841200040AEA /* DesignHashMap.swift */,
				392FED602887841200040AEA /* FullyJustify.swift */,
				392FED5F2887841200040AEA /* LicenseKeyFormatting.swift */,
				392FED582887841200040AEA /* MaxDistanceToClosetPerson.swift */,
				392FED592887841200040AEA /* PartialUnsorted.swift */,
				392FED5B2887841200040AEA /* RotateNumbers.swift */,
				392FED5E2887841200040AEA /* RowColumnContainsAllNumbers.swift */,
				392FED5A2887841200040AEA /* SameTree.swift */,
				3AF466AA26AFA6780021EE00 /* IslandsOf1s.swift */,
				3A66EBFE26B7984B0099AFC1 /* PartitionLinkedList.swift */,
				3A66EC0626B7B13C0099AFC1 /* LinkedListAddition.swift */,
				3A267FB826BA4E3C0072A92E /* NodeReachableInDigraph.swift */,
				3A7E419A26BC8A8000F50CDB /* TicTacToe.swift */,
				3A40239326CA1229000ECFF5 /*  PartialUnsorted.swift */,
				3AEF1B6226DDDF97006D9AAB /* MinimumWorkSessions.swift */,
				3A927EE726F6F67400015CAB /* MinimumBribes.swift */,
				3A927EEB26F98B1500015CAB /* ValidString.swift */,
				3A0D579526FECA7D00FAB9DB /* SpecialStringAgain .swift */,
				3A6B6D752704C682002BA2D0 /* SolveFormulas.swift */,
				3A2DA34F270903CB001E17C9 /* ExtraLongFactorial.swift */,
			);
			path = Problems;
			sourceTree = "<group>";
		};
/* End PBXGroup section */

/* Begin PBXNativeTarget section */
		3AF4667826AFA5BD0021EE00 /* Algo */ = {
			isa = PBXNativeTarget;
			buildConfigurationList = 3AF4669E26AFA5C10021EE00 /* Build configuration list for PBXNativeTarget "Algo" */;
			buildPhases = (
				3AF4667526AFA5BD0021EE00 /* Sources */,
				3AF4667626AFA5BD0021EE00 /* Frameworks */,
				3AF4667726AFA5BD0021EE00 /* Resources */,
			);
			buildRules = (
			);
			dependencies = (
			);
			name = Algo;
			productName = Algo;
			productReference = 3AF4667926AFA5BD0021EE00 /* Algo.app */;
			productType = "com.apple.product-type.application";
		};
		3AF4668926AFA5C00021EE00 /* AlgoTests */ = {
			isa = PBXNativeTarget;
			buildConfigurationList = 3AF466A126AFA5C10021EE00 /* Build configuration list for PBXNativeTarget "AlgoTests" */;
			buildPhases = (
				3AF4668626AFA5C00021EE00 /* Sources */,
				3AF4668726AFA5C00021EE00 /* Frameworks */,
				3AF4668826AFA5C00021EE00 /* Resources */,
			);
			buildRules = (
			);
			dependencies = (
				3AF4668C26AFA5C00021EE00 /* PBXTargetDependency */,
			);
			name = AlgoTests;
			productName = AlgoTests;
			productReference = 3AF4668A26AFA5C00021EE00 /* AlgoTests.xctest */;
			productType = "com.apple.product-type.bundle.unit-test";
		};
/* End PBXNativeTarget section */

/* Begin PBXProject section */
		3AF4667126AFA5BD0021EE00 /* Project object */ = {
			isa = PBXProject;
			attributes = {
				LastSwiftUpdateCheck = 1250;
				LastUpgradeCheck = 1250;
				TargetAttributes = {
					3AF4667826AFA5BD0021EE00 = {
						CreatedOnToolsVersion = 12.5.1;
					};
					3AF4668926AFA5C00021EE00 = {
						CreatedOnToolsVersion = 12.5.1;
						TestTargetID = 3AF4667826AFA5BD0021EE00;
					};
				};
			};
			buildConfigurationList = 3AF4667426AFA5BD0021EE00 /* Build configuration list for PBXProject "Algo" */;
			compatibilityVersion = "Xcode 9.3";
			developmentRegion = en;
			hasScannedForEncodings = 0;
			knownRegions = (
				en,
				Base,
			);
			mainGroup = 3AF4667026AFA5BD0021EE00;
			productRefGroup = 3AF4667A26AFA5BD0021EE00 /* Products */;
			projectDirPath = "";
			projectRoot = "";
			targets = (
				3AF4667826AFA5BD0021EE00 /* Algo */,
				3AF4668926AFA5C00021EE00 /* AlgoTests */,
			);
		};
/* End PBXProject section */

/* Begin PBXResourcesBuildPhase section */
		3AF4667726AFA5BD0021EE00 /* Resources */ = {
			isa = PBXResourcesBuildPhase;
			buildActionMask = 2147483647;
			files = (
				3AF4668426AFA5C00021EE00 /* Preview Assets.xcassets in Resources */,
				3AF4668126AFA5C00021EE00 /* Assets.xcassets in Resources */,
			);
			runOnlyForDeploymentPostprocessing = 0;
		};
		3AF4668826AFA5C00021EE00 /* Resources */ = {
			isa = PBXResourcesBuildPhase;
			buildActionMask = 2147483647;
			files = (
			);
			runOnlyForDeploymentPostprocessing = 0;
		};
/* End PBXResourcesBuildPhase section */

/* Begin PBXSourcesBuildPhase section */
		3AF4667526AFA5BD0021EE00 /* Sources */ = {
			isa = PBXSourcesBuildPhase;
			buildActionMask = 2147483647;
			files = (
				3AF466AD26AFA68D0021EE00 /* Graph.swift in Sources */,
				392FED622887841200040AEA /* PartialUnsorted.swift in Sources */,
				3A267FB326B8F69C0072A92E /* Stack.swift in Sources */,
				3AF4667F26AFA5BD0021EE00 /* ContentView.swift in Sources */,
				3A66EBFD26B796990099AFC1 /* ListNode2.swift in Sources */,
				3AEF1B6326DDDF97006D9AAB /* MinimumWorkSessions.swift in Sources */,
				3A66EBFB26B796890099AFC1 /* ListNode.swift in Sources */,
				392FED692887841200040AEA /* FullyJustify.swift in Sources */,
				3A66EC0726B7B13C0099AFC1 /* LinkedListAddition.swift in Sources */,
				392FED642887841200040AEA /* RotateNumbers.swift in Sources */,
				392FED662887841200040AEA /* DesignHashMap.swift in Sources */,
				392FED652887841200040AEA /* BinaryTreeWidth.swift in Sources */,
				392FED612887841200040AEA /* MaxDistanceToClosetPerson.swift in Sources */,
				392FED672887841200040AEA /* RowColumnContainsAllNumbers.swift in Sources */,
				3A927EEC26F98B1500015CAB /* ValidString.swift in Sources */,
				3AF466AF26AFA6C10021EE00 /* AjacencyList.swift in Sources */,
				3A267FB926BA4E3D0072A92E /* NodeReachableInDigraph.swift in Sources */,
				3A6B6D762704C682002BA2D0 /* SolveFormulas.swift in Sources */,
				3A66EBF726B7369F0099AFC1 /* Heap.swift in Sources */,
				3A66EBFF26B7984B0099AFC1 /* PartitionLinkedList.swift in Sources */,
				3A40239426CA1229000ECFF5 /*  PartialUnsorted.swift in Sources */,
				3A7E419B26BC8A8000F50CDB /* TicTacToe.swift in Sources */,
				3A927EE826F6F67400015CAB /* MinimumBribes.swift in Sources */,
				3A267FB526B8F82F0072A92E /* StackWithMinValue.swift in Sources */,
				392FED632887841200040AEA /* SameTree.swift in Sources */,
				3A2DA350270903CB001E17C9 /* ExtraLongFactorial.swift in Sources */,
				3AF466AB26AFA6780021EE00 /* IslandsOf1s.swift in Sources */,
				3AF4667D26AFA5BD0021EE00 /* AlgoApp.swift in Sources */,
				3AFFD73926B103D0006A3A4F /* TopologicalSorting.swift in Sources */,
				3A0D579626FECA7D00FAB9DB /* SpecialStringAgain .swift in Sources */,
				3AF466B126AFA6D20021EE00 /* PriorityQueue.swift in Sources */,
				392FED682887841200040AEA /* LicenseKeyFormatting.swift in Sources */,
			);
			runOnlyForDeploymentPostprocessing = 0;
		};
		3AF4668626AFA5C00021EE00 /* Sources */ = {
			isa = PBXSourcesBuildPhase;
			buildActionMask = 2147483647;
			files = (
				392FED712887842200040AEA /* TestLicenseKeyFormatting.swift in Sources */,
				3A66EC0926B7B4500099AFC1 /* TestLinkedListAddition.swift in Sources */,
				3A40239826CA2282000ECFF5 /* TestpartialUnsorted.swift in Sources */,
				3AEF1B6526DDE311006D9AAB /* TestMinimumWorkSessions.swift in Sources */,
				3A267FB726B8FBEE0072A92E /* TestStackWithMin.swift in Sources */,
				392FED702887842200040AEA /* TestDesignHashMap.swift in Sources */,
				3A7E419D26BCCF3600F50CDB /* TestNodeReachableInDigraph.swift in Sources */,
				3A927EEA26F6F6C400015CAB /* TestMunimumBribes.swift in Sources */,
				392FED722887842200040AEA /* TestFullyJustify.swift in Sources */,
				392FED742887842200040AEA /* TestRotateNumbers.swift in Sources */,
				3A66EC0126B79F440099AFC1 /* TestListNode.swift in Sources */,
				392FED752887842200040AEA /* TestMaxDistanceToClosestPerson.swift in Sources */,
				3A0D579826FEDBE400FAB9DB /* TestSpecialStringAgain.swift in Sources */,
				3A66EC0526B7A69E0099AFC1 /* TestPartitionLinkedList.swift in Sources */,
				3A6B6D78270560B7002BA2D0 /* TestSolveFormulas.swift in Sources */,
				3A2DA352270903FC001E17C9 /* TestExtraLongFactorial.swift in Sources */,
				3A66EBF926B74DC20099AFC1 /* TestMaxHeap.swift in Sources */,
				392FED732887842200040AEA /* TestTreeNodeIterator.swift in Sources */,
				3A40239626CA1F67000ECFF5 /* TestMinHeap.swift in Sources */,
				3A66EC0326B7A2F10099AFC1 /* TestListNode2.swift in Sources */,
			);
			runOnlyForDeploymentPostprocessing = 0;
		};
/* End PBXSourcesBuildPhase section */

/* Begin PBXTargetDependency section */
		3AF4668C26AFA5C00021EE00 /* PBXTargetDependency */ = {
			isa = PBXTargetDependency;
			target = 3AF4667826AFA5BD0021EE00 /* Algo */;
			targetProxy = 3AF4668B26AFA5C00021EE00 /* PBXContainerItemProxy */;
		};
/* End PBXTargetDependency section */

/* Begin XCBuildConfiguration section */
		3AF4669C26AFA5C10021EE00 /* Debug */ = {
			isa = XCBuildConfiguration;
			buildSettings = {
				ALWAYS_SEARCH_USER_PATHS = NO;
				CLANG_ANALYZER_NONNULL = YES;
				CLANG_ANALYZER_NUMBER_OBJECT_CONVERSION = YES_AGGRESSIVE;
				CLANG_CXX_LANGUAGE_STANDARD = "gnu++14";
				CLANG_CXX_LIBRARY = "libc++";
				CLANG_ENABLE_MODULES = YES;
				CLANG_ENABLE_OBJC_ARC = YES;
				CLANG_ENABLE_OBJC_WEAK = YES;
				CLANG_WARN_BLOCK_CAPTURE_AUTORELEASING = YES;
				CLANG_WARN_BOOL_CONVERSION = YES;
				CLANG_WARN_COMMA = YES;
				CLANG_WARN_CONSTANT_CONVERSION = YES;
				CLANG_WARN_DEPRECATED_OBJC_IMPLEMENTATIONS = YES;
				CLANG_WARN_DIRECT_OBJC_ISA_USAGE = YES_ERROR;
				CLANG_WARN_DOCUMENTATION_COMMENTS = YES;
				CLANG_WARN_EMPTY_BODY = YES;
				CLANG_WARN_ENUM_CONVERSION = YES;
				CLANG_WARN_INFINITE_RECURSION = YES;
				CLANG_WARN_INT_CONVERSION = YES;
				CLANG_WARN_NON_LITERAL_NULL_CONVERSION = YES;
				CLANG_WARN_OBJC_IMPLICIT_RETAIN_SELF = YES;
				CLANG_WARN_OBJC_LITERAL_CONVERSION = YES;
				CLANG_WARN_OBJC_ROOT_CLASS = YES_ERROR;
				CLANG_WARN_QUOTED_INCLUDE_IN_FRAMEWORK_HEADER = YES;
				CLANG_WARN_RANGE_LOOP_ANALYSIS = YES;
				CLANG_WARN_STRICT_PROTOTYPES = YES;
				CLANG_WARN_SUSPICIOUS_MOVE = YES;
				CLANG_WARN_UNGUARDED_AVAILABILITY = YES_AGGRESSIVE;
				CLANG_WARN_UNREACHABLE_CODE = YES;
				CLANG_WARN__DUPLICATE_METHOD_MATCH = YES;
				COPY_PHASE_STRIP = NO;
				DEBUG_INFORMATION_FORMAT = dwarf;
				ENABLE_STRICT_OBJC_MSGSEND = YES;
				ENABLE_TESTABILITY = YES;
				GCC_C_LANGUAGE_STANDARD = gnu11;
				GCC_DYNAMIC_NO_PIC = NO;
				GCC_NO_COMMON_BLOCKS = YES;
				GCC_OPTIMIZATION_LEVEL = 0;
				GCC_PREPROCESSOR_DEFINITIONS = (
					"DEBUG=1",
					"$(inherited)",
				);
				GCC_WARN_64_TO_32_BIT_CONVERSION = YES;
				GCC_WARN_ABOUT_RETURN_TYPE = YES_ERROR;
				GCC_WARN_UNDECLARED_SELECTOR = YES;
				GCC_WARN_UNINITIALIZED_AUTOS = YES_AGGRESSIVE;
				GCC_WARN_UNUSED_FUNCTION = YES;
				GCC_WARN_UNUSED_VARIABLE = YES;
				IPHONEOS_DEPLOYMENT_TARGET = 14.5;
				MTL_ENABLE_DEBUG_INFO = INCLUDE_SOURCE;
				MTL_FAST_MATH = YES;
				ONLY_ACTIVE_ARCH = YES;
				SDKROOT = iphoneos;
				SWIFT_ACTIVE_COMPILATION_CONDITIONS = DEBUG;
				SWIFT_OPTIMIZATION_LEVEL = "-Onone";
			};
			name = Debug;
		};
		3AF4669D26AFA5C10021EE00 /* Release */ = {
			isa = XCBuildConfiguration;
			buildSettings = {
				ALWAYS_SEARCH_USER_PATHS = NO;
				CLANG_ANALYZER_NONNULL = YES;
				CLANG_ANALYZER_NUMBER_OBJECT_CONVERSION = YES_AGGRESSIVE;
				CLANG_CXX_LANGUAGE_STANDARD = "gnu++14";
				CLANG_CXX_LIBRARY = "libc++";
				CLANG_ENABLE_MODULES = YES;
				CLANG_ENABLE_OBJC_ARC = YES;
				CLANG_ENABLE_OBJC_WEAK = YES;
				CLANG_WARN_BLOCK_CAPTURE_AUTORELEASING = YES;
				CLANG_WARN_BOOL_CONVERSION = YES;
				CLANG_WARN_COMMA = YES;
				CLANG_WARN_CONSTANT_CONVERSION = YES;
				CLANG_WARN_DEPRECATED_OBJC_IMPLEMENTATIONS = YES;
				CLANG_WARN_DIRECT_OBJC_ISA_USAGE = YES_ERROR;
				CLANG_WARN_DOCUMENTATION_COMMENTS = YES;
				CLANG_WARN_EMPTY_BODY = YES;
				CLANG_WARN_ENUM_CONVERSION = YES;
				CLANG_WARN_INFINITE_RECURSION = YES;
				CLANG_WARN_INT_CONVERSION = YES;
				CLANG_WARN_NON_LITERAL_NULL_CONVERSION = YES;
				CLANG_WARN_OBJC_IMPLICIT_RETAIN_SELF = YES;
				CLANG_WARN_OBJC_LITERAL_CONVERSION = YES;
				CLANG_WARN_OBJC_ROOT_CLASS = YES_ERROR;
				CLANG_WARN_QUOTED_INCLUDE_IN_FRAMEWORK_HEADER = YES;
				CLANG_WARN_RANGE_LOOP_ANALYSIS = YES;
				CLANG_WARN_STRICT_PROTOTYPES = YES;
				CLANG_WARN_SUSPICIOUS_MOVE = YES;
				CLANG_WARN_UNGUARDED_AVAILABILITY = YES_AGGRESSIVE;
				CLANG_WARN_UNREACHABLE_CODE = YES;
				CLANG_WARN__DUPLICATE_METHOD_MATCH = YES;
				COPY_PHASE_STRIP = NO;
				DEBUG_INFORMATION_FORMAT = "dwarf-with-dsym";
				ENABLE_NS_ASSERTIONS = NO;
				ENABLE_STRICT_OBJC_MSGSEND = YES;
				GCC_C_LANGUAGE_STANDARD = gnu11;
				GCC_NO_COMMON_BLOCKS = YES;
				GCC_WARN_64_TO_32_BIT_CONVERSION = YES;
				GCC_WARN_ABOUT_RETURN_TYPE = YES_ERROR;
				GCC_WARN_UNDECLARED_SELECTOR = YES;
				GCC_WARN_UNINITIALIZED_AUTOS = YES_AGGRESSIVE;
				GCC_WARN_UNUSED_FUNCTION = YES;
				GCC_WARN_UNUSED_VARIABLE = YES;
				IPHONEOS_DEPLOYMENT_TARGET = 14.5;
				MTL_ENABLE_DEBUG_INFO = NO;
				MTL_FAST_MATH = YES;
				SDKROOT = iphoneos;
				SWIFT_COMPILATION_MODE = wholemodule;
				SWIFT_OPTIMIZATION_LEVEL = "-O";
				VALIDATE_PRODUCT = YES;
			};
			name = Release;
		};
		3AF4669F26AFA5C10021EE00 /* Debug */ = {
			isa = XCBuildConfiguration;
			buildSettings = {
				ASSETCATALOG_COMPILER_APPICON_NAME = AppIcon;
				ASSETCATALOG_COMPILER_GLOBAL_ACCENT_COLOR_NAME = AccentColor;
				CODE_SIGN_STYLE = Automatic;
				DEVELOPMENT_ASSET_PATHS = "\"Algo/Preview Content\"";
				ENABLE_PREVIEWS = YES;
				INFOPLIST_FILE = Algo/Info.plist;
				IPHONEOS_DEPLOYMENT_TARGET = 14.0;
				LD_RUNPATH_SEARCH_PATHS = (
					"$(inherited)",
					"@executable_path/Frameworks",
				);
				PRODUCT_BUNDLE_IDENTIFIER = com.wz.Algo;
				PRODUCT_NAME = "$(TARGET_NAME)";
				SWIFT_VERSION = 5.0;
				TARGETED_DEVICE_FAMILY = "1,2";
			};
			name = Debug;
		};
		3AF466A026AFA5C10021EE00 /* Release */ = {
			isa = XCBuildConfiguration;
			buildSettings = {
				ASSETCATALOG_COMPILER_APPICON_NAME = AppIcon;
				ASSETCATALOG_COMPILER_GLOBAL_ACCENT_COLOR_NAME = AccentColor;
				CODE_SIGN_STYLE = Automatic;
				DEVELOPMENT_ASSET_PATHS = "\"Algo/Preview Content\"";
				ENABLE_PREVIEWS = YES;
				INFOPLIST_FILE = Algo/Info.plist;
				IPHONEOS_DEPLOYMENT_TARGET = 14.0;
				LD_RUNPATH_SEARCH_PATHS = (
					"$(inherited)",
					"@executable_path/Frameworks",
				);
				PRODUCT_BUNDLE_IDENTIFIER = com.wz.Algo;
				PRODUCT_NAME = "$(TARGET_NAME)";
				SWIFT_VERSION = 5.0;
				TARGETED_DEVICE_FAMILY = "1,2";
			};
			name = Release;
		};
		3AF466A226AFA5C10021EE00 /* Debug */ = {
			isa = XCBuildConfiguration;
			buildSettings = {
				ALWAYS_EMBED_SWIFT_STANDARD_LIBRARIES = YES;
				BUNDLE_LOADER = "$(TEST_HOST)";
				CODE_SIGN_STYLE = Automatic;
				INFOPLIST_FILE = AlgoTests/Info.plist;
				IPHONEOS_DEPLOYMENT_TARGET = 14.0;
				LD_RUNPATH_SEARCH_PATHS = (
					"$(inherited)",
					"@executable_path/Frameworks",
					"@loader_path/Frameworks",
				);
				PRODUCT_BUNDLE_IDENTIFIER = com.wz.AlgoTests;
				PRODUCT_NAME = "$(TARGET_NAME)";
				SWIFT_VERSION = 5.0;
				TARGETED_DEVICE_FAMILY = "1,2";
				TEST_HOST = "$(BUILT_PRODUCTS_DIR)/Algo.app/Algo";
			};
			name = Debug;
		};
		3AF466A326AFA5C10021EE00 /* Release */ = {
			isa = XCBuildConfiguration;
			buildSettings = {
				ALWAYS_EMBED_SWIFT_STANDARD_LIBRARIES = YES;
				BUNDLE_LOADER = "$(TEST_HOST)";
				CODE_SIGN_STYLE = Automatic;
				INFOPLIST_FILE = AlgoTests/Info.plist;
				IPHONEOS_DEPLOYMENT_TARGET = 14.0;
				LD_RUNPATH_SEARCH_PATHS = (
					"$(inherited)",
					"@executable_path/Frameworks",
					"@loader_path/Frameworks",
				);
				PRODUCT_BUNDLE_IDENTIFIER = com.wz.AlgoTests;
				PRODUCT_NAME = "$(TARGET_NAME)";
				SWIFT_VERSION = 5.0;
				TARGETED_DEVICE_FAMILY = "1,2";
				TEST_HOST = "$(BUILT_PRODUCTS_DIR)/Algo.app/Algo";
			};
			name = Release;
		};
/* End XCBuildConfiguration section */

/* Begin XCConfigurationList section */
		3AF4667426AFA5BD0021EE00 /* Build configuration list for PBXProject "Algo" */ = {
			isa = XCConfigurationList;
			buildConfigurations = (
				3AF4669C26AFA5C10021EE00 /* Debug */,
				3AF4669D26AFA5C10021EE00 /* Release */,
			);
			defaultConfigurationIsVisible = 0;
			defaultConfigurationName = Release;
		};
		3AF4669E26AFA5C10021EE00 /* Build configuration list for PBXNativeTarget "Algo" */ = {
			isa = XCConfigurationList;
			buildConfigurations = (
				3AF4669F26AFA5C10021EE00 /* Debug */,
				3AF466A026AFA5C10021EE00 /* Release */,
			);
			defaultConfigurationIsVisible = 0;
			defaultConfigurationName = Release;
		};
		3AF466A126AFA5C10021EE00 /* Build configuration list for PBXNativeTarget "AlgoTests" */ = {
			isa = XCConfigurationList;
			buildConfigurations = (
				3AF466A226AFA5C10021EE00 /* Debug */,
				3AF466A326AFA5C10021EE00 /* Release */,
			);
			defaultConfigurationIsVisible = 0;
			defaultConfigurationName = Release;
		};
/* End XCConfigurationList section */
	};
	rootObject = 3AF4667126AFA5BD0021EE00 /* Project object */;
}
